
Microsoft Visual Studio Solution File, Format Version 12.00
# Visual Studio Version 16
VisualStudioVersion = 16.0.32126.315
MinimumVisualStudioVersion = 10.0.40219.1
Project("{FAE04EC0-301F-11D3-BF4B-00C04F79EFBC}") = "ExceptionTask", "ExceptionTask\ExceptionTask.csproj", "{97F1509B-E212-407E-9587-8D1720211AA3}"
EndProject
Global
	GlobalSection(SolutionConfigurationPlatforms) = preSolution
		Debug|Any CPU = Debug|Any CPU
		Release|Any CPU = Release|Any CPU
	EndGlobalSection
	GlobalSection(ProjectConfigurationPlatforms) = postSolution
		{97F1509B-E212-407E-9587-8D1720211AA3}.Debug|Any CPU.ActiveCfg = Debug|Any CPU
		{97F1509B-E212-407E-9587-8D1720211AA3}.Debug|Any CPU.Build.0 = Debug|Any CPU
		{97F1509B-E212-407E-9587-8D1720211AA3}.Release|Any CPU.ActiveCfg = Release|Any CPU
		{97F1509B-E212-407E-9587-8D1720211AA3}.Release|Any CPU.Build.0 = Release|Any CPU
	EndGlobalSection
	GlobalSection(SolutionProperties) = preSolution
		HideSolutionNode = FALSE
	EndGlobalSection
	GlobalSection(ExtensibilityGlobals) = postSolution
		SolutionGuid = {D45D3880-FDD3-47D1-A97C-06F1F1E608DF}
	EndGlobalSection
EndGlobal
